
Microsoft Visual Studio Solution File, Format Version 12.00
Project("{FAE04EC0-301F-11D3-BF4B-00C04F79EFBC}") = "MealsRandomizer.WebAssembly", "MealsRandomizer.WebAssembly\MealsRandomizer.WebAssembly.csproj", "{6AF37AC0-9030-4618-BD0B-6D8CE5AB58F1}"
EndProject
Project("{FAE04EC0-301F-11D3-BF4B-00C04F79EFBC}") = "MealsRandomizer", "MealsRandomizer\MealsRandomizer.csproj", "{5E20F6D7-972F-41C0-A3D6-B98267FD1CDB}"
EndProject
Project("{FAE04EC0-301F-11D3-BF4B-00C04F79EFBC}") = "MigrationConsole", "MigrationConsole\MigrationConsole.csproj", "{A95D30A0-B2F0-4D12-B401-ACA79FFD2470}"
EndProject
Global
	GlobalSection(SolutionConfigurationPlatforms) = preSolution
		Debug|Any CPU = Debug|Any CPU
		Release|Any CPU = Release|Any CPU
	EndGlobalSection
	GlobalSection(ProjectConfigurationPlatforms) = postSolution
		{6AF37AC0-9030-4618-BD0B-6D8CE5AB58F1}.Debug|Any CPU.ActiveCfg = Debug|Any CPU
		{6AF37AC0-9030-4618-BD0B-6D8CE5AB58F1}.Debug|Any CPU.Build.0 = Debug|Any CPU
		{6AF37AC0-9030-4618-BD0B-6D8CE5AB58F1}.Release|Any CPU.ActiveCfg = Release|Any CPU
		{6AF37AC0-9030-4618-BD0B-6D8CE5AB58F1}.Release|Any CPU.Build.0 = Release|Any CPU
		{5E20F6D7-972F-41C0-A3D6-B98267FD1CDB}.Debug|Any CPU.ActiveCfg = Debug|Any CPU
		{5E20F6D7-972F-41C0-A3D6-B98267FD1CDB}.Debug|Any CPU.Build.0 = Debug|Any CPU
		{5E20F6D7-972F-41C0-A3D6-B98267FD1CDB}.Release|Any CPU.ActiveCfg = Release|Any CPU
		{5E20F6D7-972F-41C0-A3D6-B98267FD1CDB}.Release|Any CPU.Build.0 = Release|Any CPU
		{A95D30A0-B2F0-4D12-B401-ACA79FFD2470}.Debug|Any CPU.ActiveCfg = Debug|Any CPU
		{A95D30A0-B2F0-4D12-B401-ACA79FFD2470}.Debug|Any CPU.Build.0 = Debug|Any CPU
		{A95D30A0-B2F0-4D12-B401-ACA79FFD2470}.Release|Any CPU.ActiveCfg = Release|Any CPU
		{A95D30A0-B2F0-4D12-B401-ACA79FFD2470}.Release|Any CPU.Build.0 = Release|Any CPU
	EndGlobalSection
EndGlobal
